// !$*UTF8*$!
{
	archiveVersion = 1;
	classes = {
	};
	objectVersion = 46;
	objects = {

/* Begin PBXBuildFile section */
		2206CA23158C032D00A1E65A /* Foundation.framework in Frameworks */ = {isa = PBXBuildFile; fileRef = 2206CA22158C032D00A1E65A /* Foundation.framework */; };
		2222961315B0A69D0080B33C /* SystemConfiguration.framework in Frameworks */ = {isa = PBXBuildFile; fileRef = 225D96BF15A2B41900133932 /* SystemConfiguration.framework */; };
		225D96C015A2B41900133932 /* SystemConfiguration.framework in Frameworks */ = {isa = PBXBuildFile; fileRef = 225D96BF15A2B41900133932 /* SystemConfiguration.framework */; };
		22702A0E1695646D0010DD1D /* ISO8601DateFormatter.h in Headers */ = {isa = PBXBuildFile; fileRef = 22702A0C1695646D0010DD1D /* ISO8601DateFormatter.h */; };
		22702A0F1695646D0010DD1D /* ISO8601DateFormatter.h in Headers */ = {isa = PBXBuildFile; fileRef = 22702A0C1695646D0010DD1D /* ISO8601DateFormatter.h */; };
		22702A101695646D0010DD1D /* ISO8601DateFormatter.m in Sources */ = {isa = PBXBuildFile; fileRef = 22702A0D1695646D0010DD1D /* ISO8601DateFormatter.m */; };
		22702A111695646D0010DD1D /* ISO8601DateFormatter.m in Sources */ = {isa = PBXBuildFile; fileRef = 22702A0D1695646D0010DD1D /* ISO8601DateFormatter.m */; };
		2285AF8C159133500076AADC /* Foundation.framework in Frameworks */ = {isa = PBXBuildFile; fileRef = 2206CA22158C032D00A1E65A /* Foundation.framework */; };
		2285AFA4159149020076AADC /* UIKit.framework in Frameworks */ = {isa = PBXBuildFile; fileRef = 2285AFA3159149020076AADC /* UIKit.framework */; };
		2285AFA5159149020076AADC /* UIKit.framework in Frameworks */ = {isa = PBXBuildFile; fileRef = 2285AFA3159149020076AADC /* UIKit.framework */; };
		2285AFA715914C4F0076AADC /* CoreLocation.framework in Frameworks */ = {isa = PBXBuildFile; fileRef = 2285AFA615914C4F0076AADC /* CoreLocation.framework */; };
		2285AFA815914C4F0076AADC /* CoreLocation.framework in Frameworks */ = {isa = PBXBuildFile; fileRef = 2285AFA615914C4F0076AADC /* CoreLocation.framework */; };
		22BDE87015AFF5C2007499C7 /* SquashCocoa i386-Prefix.pch in Headers */ = {isa = PBXBuildFile; fileRef = 22BDE86515AFF5C2007499C7 /* SquashCocoa i386-Prefix.pch */; };
		22BDE87115AFF5C2007499C7 /* SquashCocoa i386-Prefix.pch in Headers */ = {isa = PBXBuildFile; fileRef = 22BDE86515AFF5C2007499C7 /* SquashCocoa i386-Prefix.pch */; };
		22BDE87215AFF5C2007499C7 /* SquashCocoa-Prefix.pch in Headers */ = {isa = PBXBuildFile; fileRef = 22BDE86615AFF5C2007499C7 /* SquashCocoa-Prefix.pch */; };
		22BDE87315AFF5C2007499C7 /* SquashCocoa-Prefix.pch in Headers */ = {isa = PBXBuildFile; fileRef = 22BDE86615AFF5C2007499C7 /* SquashCocoa-Prefix.pch */; };
		22BDE88E15AFF5FA007499C7 /* SCFunctions.h in Headers */ = {isa = PBXBuildFile; fileRef = 22BDE88515AFF5FA007499C7 /* SCFunctions.h */; settings = {ATTRIBUTES = (Private, ); }; };
		22BDE88F15AFF5FA007499C7 /* SCFunctions.h in Headers */ = {isa = PBXBuildFile; fileRef = 22BDE88515AFF5FA007499C7 /* SCFunctions.h */; settings = {ATTRIBUTES = (Private, ); }; };
		22BDE89015AFF5FA007499C7 /* SCFunctions.m in Sources */ = {isa = PBXBuildFile; fileRef = 22BDE88615AFF5FA007499C7 /* SCFunctions.m */; };
		22BDE89115AFF5FA007499C7 /* SCFunctions.m in Sources */ = {isa = PBXBuildFile; fileRef = 22BDE88615AFF5FA007499C7 /* SCFunctions.m */; };
		22BDE89215AFF5FA007499C7 /* SCOccurrence.h in Headers */ = {isa = PBXBuildFile; fileRef = 22BDE88715AFF5FA007499C7 /* SCOccurrence.h */; settings = {ATTRIBUTES = (Private, ); }; };
		22BDE89315AFF5FA007499C7 /* SCOccurrence.h in Headers */ = {isa = PBXBuildFile; fileRef = 22BDE88715AFF5FA007499C7 /* SCOccurrence.h */; settings = {ATTRIBUTES = (Private, ); }; };
		22BDE89415AFF5FA007499C7 /* SCOccurrence.m in Sources */ = {isa = PBXBuildFile; fileRef = 22BDE88815AFF5FA007499C7 /* SCOccurrence.m */; };
		22BDE89515AFF5FA007499C7 /* SCOccurrence.m in Sources */ = {isa = PBXBuildFile; fileRef = 22BDE88815AFF5FA007499C7 /* SCOccurrence.m */; };
		22BDE89615AFF5FA007499C7 /* SquashCocoa.h in Headers */ = {isa = PBXBuildFile; fileRef = 22BDE88915AFF5FA007499C7 /* SquashCocoa.h */; settings = {ATTRIBUTES = (Public, ); }; };
		22BDE89715AFF5FA007499C7 /* SquashCocoa.h in Headers */ = {isa = PBXBuildFile; fileRef = 22BDE88915AFF5FA007499C7 /* SquashCocoa.h */; settings = {ATTRIBUTES = (Public, ); }; };
		22BDE89815AFF5FA007499C7 /* SquashCocoa.m in Sources */ = {isa = PBXBuildFile; fileRef = 22BDE88A15AFF5FA007499C7 /* SquashCocoa.m */; };
		22BDE89915AFF5FA007499C7 /* SquashCocoa.m in Sources */ = {isa = PBXBuildFile; fileRef = 22BDE88A15AFF5FA007499C7 /* SquashCocoa.m */; };
		22BDE89A15AFF5FA007499C7 /* Reachability.h in Headers */ = {isa = PBXBuildFile; fileRef = 22BDE88C15AFF5FA007499C7 /* Reachability.h */; };
		22BDE89B15AFF5FA007499C7 /* Reachability.h in Headers */ = {isa = PBXBuildFile; fileRef = 22BDE88C15AFF5FA007499C7 /* Reachability.h */; };
		22BDE89C15AFF5FA007499C7 /* Reachability.m in Sources */ = {isa = PBXBuildFile; fileRef = 22BDE88D15AFF5FA007499C7 /* Reachability.m */; };
		22BDE89D15AFF5FA007499C7 /* Reachability.m in Sources */ = {isa = PBXBuildFile; fileRef = 22BDE88D15AFF5FA007499C7 /* Reachability.m */; };
		3752CAA616A6CFB100D44697 /* SquashCocoa-OSX-Prefix.pch in Headers */ = {isa = PBXBuildFile; fileRef = 3752CAA516A6CFB100D44697 /* SquashCocoa-OSX-Prefix.pch */; };
		3752CAA816A6D00900D44697 /* CoreLocation.framework in Frameworks */ = {isa = PBXBuildFile; fileRef = 3752CAA716A6D00900D44697 /* CoreLocation.framework */; };
		3752CAAA16A6D01100D44697 /* Cocoa.framework in Frameworks */ = {isa = PBXBuildFile; fileRef = 3752CAA916A6D01100D44697 /* Cocoa.framework */; };
		3752CAAB16A6D02000D44697 /* SCFunctions.m in Sources */ = {isa = PBXBuildFile; fileRef = 22BDE88615AFF5FA007499C7 /* SCFunctions.m */; };
		3752CAAC16A6D02000D44697 /* SCOccurrence.m in Sources */ = {isa = PBXBuildFile; fileRef = 22BDE88815AFF5FA007499C7 /* SCOccurrence.m */; };
		3752CAAD16A6D02000D44697 /* SquashCocoa.m in Sources */ = {isa = PBXBuildFile; fileRef = 22BDE88A15AFF5FA007499C7 /* SquashCocoa.m */; };
		3752CAAE16A6D02000D44697 /* ISO8601DateFormatter.m in Sources */ = {isa = PBXBuildFile; fileRef = 22702A0D1695646D0010DD1D /* ISO8601DateFormatter.m */; };
		3752CAAF16A6D02000D44697 /* Reachability.m in Sources */ = {isa = PBXBuildFile; fileRef = 22BDE88D15AFF5FA007499C7 /* Reachability.m */; };
		3752CAB016A70B1000D44697 /* Reachability.h in Headers */ = {isa = PBXBuildFile; fileRef = 22BDE88C15AFF5FA007499C7 /* Reachability.h */; };
		3752CAB116A70B1B00D44697 /* ISO8601DateFormatter.h in Headers */ = {isa = PBXBuildFile; fileRef = 22702A0C1695646D0010DD1D /* ISO8601DateFormatter.h */; };
		3752CAB216A70B2100D44697 /* SquashCocoa.h in Headers */ = {isa = PBXBuildFile; fileRef = 22BDE88915AFF5FA007499C7 /* SquashCocoa.h */; };
		3752CAB316A70B2500D44697 /* SCOccurrence.h in Headers */ = {isa = PBXBuildFile; fileRef = 22BDE88715AFF5FA007499C7 /* SCOccurrence.h */; };
		3752CAB416A70B2800D44697 /* SCFunctions.h in Headers */ = {isa = PBXBuildFile; fileRef = 22BDE88515AFF5FA007499C7 /* SCFunctions.h */; };
		3752CAB516A70B4100D44697 /* SquashCocoa-OSX-Prefix.pch in Headers */ = {isa = PBXBuildFile; fileRef = 3752CAA516A6CFB100D44697 /* SquashCocoa-OSX-Prefix.pch */; };
		3752CAB616A70B4200D44697 /* SquashCocoa-OSX-Prefix.pch in Headers */ = {isa = PBXBuildFile; fileRef = 3752CAA516A6CFB100D44697 /* SquashCocoa-OSX-Prefix.pch */; };
		3752CAB716A70B4600D44697 /* SquashCocoa-Prefix.pch in Headers */ = {isa = PBXBuildFile; fileRef = 22BDE86615AFF5C2007499C7 /* SquashCocoa-Prefix.pch */; };
		3752CAB816A70B4900D44697 /* SquashCocoa i386-Prefix.pch in Headers */ = {isa = PBXBuildFile; fileRef = 22BDE86515AFF5C2007499C7 /* SquashCocoa i386-Prefix.pch */; };
/* End PBXBuildFile section */

/* Begin PBXFileReference section */
		2206CA1F158C032D00A1E65A /* libSquashCocoa.a */ = {isa = PBXFileReference; explicitFileType = archive.ar; includeInIndex = 0; path = libSquashCocoa.a; sourceTree = BUILT_PRODUCTS_DIR; };
		2206CA22158C032D00A1E65A /* Foundation.framework */ = {isa = PBXFileReference; lastKnownFileType = wrapper.framework; name = Foundation.framework; path = System/Library/Frameworks/Foundation.framework; sourceTree = SDKROOT; };
		225D96BF15A2B41900133932 /* SystemConfiguration.framework */ = {isa = PBXFileReference; lastKnownFileType = wrapper.framework; name = SystemConfiguration.framework; path = System/Library/Frameworks/SystemConfiguration.framework; sourceTree = SDKROOT; };
		22702A0C1695646D0010DD1D /* ISO8601DateFormatter.h */ = {isa = PBXFileReference; fileEncoding = 4; lastKnownFileType = sourcecode.c.h; name = ISO8601DateFormatter.h; path = Frameworks/ISO8601DateFormatter/ISO8601DateFormatter.h; sourceTree = SOURCE_ROOT; };
		22702A0D1695646D0010DD1D /* ISO8601DateFormatter.m */ = {isa = PBXFileReference; fileEncoding = 4; lastKnownFileType = sourcecode.c.objc; name = ISO8601DateFormatter.m; path = Frameworks/ISO8601DateFormatter/ISO8601DateFormatter.m; sourceTree = SOURCE_ROOT; };
		2285AF8B159133500076AADC /* libSquashCocoa i386.a */ = {isa = PBXFileReference; explicitFileType = archive.ar; includeInIndex = 0; path = "libSquashCocoa i386.a"; sourceTree = BUILT_PRODUCTS_DIR; };
		2285AFA3159149020076AADC /* UIKit.framework */ = {isa = PBXFileReference; lastKnownFileType = wrapper.framework; name = UIKit.framework; path = System/Library/Frameworks/UIKit.framework; sourceTree = SDKROOT; };
		2285AFA615914C4F0076AADC /* CoreLocation.framework */ = {isa = PBXFileReference; lastKnownFileType = wrapper.framework; name = CoreLocation.framework; path = System/Library/Frameworks/CoreLocation.framework; sourceTree = SDKROOT; };
		22BDE86515AFF5C2007499C7 /* SquashCocoa i386-Prefix.pch */ = {isa = PBXFileReference; fileEncoding = 4; lastKnownFileType = sourcecode.c.h; path = "SquashCocoa i386-Prefix.pch"; sourceTree = "<group>"; };
		22BDE86615AFF5C2007499C7 /* SquashCocoa-Prefix.pch */ = {isa = PBXFileReference; fileEncoding = 4; lastKnownFileType = sourcecode.c.h; path = "SquashCocoa-Prefix.pch"; sourceTree = "<group>"; };
		22BDE88515AFF5FA007499C7 /* SCFunctions.h */ = {isa = PBXFileReference; fileEncoding = 4; lastKnownFileType = sourcecode.c.h; path = SCFunctions.h; sourceTree = "<group>"; };
		22BDE88615AFF5FA007499C7 /* SCFunctions.m */ = {isa = PBXFileReference; fileEncoding = 4; lastKnownFileType = sourcecode.c.objc; path = SCFunctions.m; sourceTree = "<group>"; };
		22BDE88715AFF5FA007499C7 /* SCOccurrence.h */ = {isa = PBXFileReference; fileEncoding = 4; lastKnownFileType = sourcecode.c.h; path = SCOccurrence.h; sourceTree = "<group>"; };
		22BDE88815AFF5FA007499C7 /* SCOccurrence.m */ = {isa = PBXFileReference; fileEncoding = 4; lastKnownFileType = sourcecode.c.objc; path = SCOccurrence.m; sourceTree = "<group>"; };
		22BDE88915AFF5FA007499C7 /* SquashCocoa.h */ = {isa = PBXFileReference; fileEncoding = 4; lastKnownFileType = sourcecode.c.h; path = SquashCocoa.h; sourceTree = "<group>"; };
		22BDE88A15AFF5FA007499C7 /* SquashCocoa.m */ = {isa = PBXFileReference; fileEncoding = 4; lastKnownFileType = sourcecode.c.objc; path = SquashCocoa.m; sourceTree = "<group>"; };
		22BDE88C15AFF5FA007499C7 /* Reachability.h */ = {isa = PBXFileReference; fileEncoding = 4; lastKnownFileType = sourcecode.c.h; path = Reachability.h; sourceTree = "<group>"; };
		22BDE88D15AFF5FA007499C7 /* Reachability.m */ = {isa = PBXFileReference; fileEncoding = 4; lastKnownFileType = sourcecode.c.objc; path = Reachability.m; sourceTree = "<group>"; };
		22BDE8A215AFF71A007499C7 /* Doxyfile */ = {isa = PBXFileReference; lastKnownFileType = text; path = Doxyfile; sourceTree = "<group>"; };
		22BDE8A315AFF71A007499C7 /* README.md */ = {isa = PBXFileReference; lastKnownFileType = text; path = README.md; sourceTree = "<group>"; };
		22BDE8A715B0060C007499C7 /* README.h */ = {isa = PBXFileReference; lastKnownFileType = sourcecode.c.h; name = README.h; path = Source/README.h; sourceTree = "<group>"; };
		3752CA8916A6CF2200D44697 /* AppKit.framework */ = {isa = PBXFileReference; lastKnownFileType = wrapper.framework; name = AppKit.framework; path = Library/Frameworks/AppKit.framework; sourceTree = SDKROOT; };
		3752CA8A16A6CF2200D44697 /* CoreData.framework */ = {isa = PBXFileReference; lastKnownFileType = wrapper.framework; name = CoreData.framework; path = Library/Frameworks/CoreData.framework; sourceTree = SDKROOT; };
		3752CA8B16A6CF2200D44697 /* Foundation.framework */ = {isa = PBXFileReference; lastKnownFileType = wrapper.framework; name = Foundation.framework; path = Library/Frameworks/Foundation.framework; sourceTree = SDKROOT; };
		3752CA9A16A6CF8E00D44697 /* libSquashCocoa-OSX.a */ = {isa = PBXFileReference; explicitFileType = archive.ar; includeInIndex = 0; path = "libSquashCocoa-OSX.a"; sourceTree = BUILT_PRODUCTS_DIR; };
		3752CAA516A6CFB100D44697 /* SquashCocoa-OSX-Prefix.pch */ = {isa = PBXFileReference; fileEncoding = 4; lastKnownFileType = sourcecode.c.h; path = "SquashCocoa-OSX-Prefix.pch"; sourceTree = "<group>"; };
		3752CAA716A6D00900D44697 /* CoreLocation.framework */ = {isa = PBXFileReference; lastKnownFileType = wrapper.framework; name = CoreLocation.framework; path = Platforms/MacOSX.platform/Developer/SDKs/MacOSX10.8.sdk/System/Library/Frameworks/CoreLocation.framework; sourceTree = DEVELOPER_DIR; };
		3752CAA916A6D01100D44697 /* Cocoa.framework */ = {isa = PBXFileReference; lastKnownFileType = wrapper.framework; name = Cocoa.framework; path = Platforms/MacOSX.platform/Developer/SDKs/MacOSX10.8.sdk/System/Library/Frameworks/Cocoa.framework; sourceTree = DEVELOPER_DIR; };
/* End PBXFileReference section */

/* Begin PBXFrameworksBuildPhase section */
		2206CA1C158C032D00A1E65A /* Frameworks */ = {
			isa = PBXFrameworksBuildPhase;
			buildActionMask = 2147483647;
			files = (
				2206CA23158C032D00A1E65A /* Foundation.framework in Frameworks */,
				2285AFA4159149020076AADC /* UIKit.framework in Frameworks */,
				2285AFA715914C4F0076AADC /* CoreLocation.framework in Frameworks */,
				225D96C015A2B41900133932 /* SystemConfiguration.framework in Frameworks */,
			);
			runOnlyForDeploymentPostprocessing = 0;
		};
		2285AF88159133500076AADC /* Frameworks */ = {
			isa = PBXFrameworksBuildPhase;
			buildActionMask = 2147483647;
			files = (
				2285AF8C159133500076AADC /* Foundation.framework in Frameworks */,
				2285AFA5159149020076AADC /* UIKit.framework in Frameworks */,
				2285AFA815914C4F0076AADC /* CoreLocation.framework in Frameworks */,
				2222961315B0A69D0080B33C /* SystemConfiguration.framework in Frameworks */,
			);
			runOnlyForDeploymentPostprocessing = 0;
		};
		3752CA9716A6CF8E00D44697 /* Frameworks */ = {
			isa = PBXFrameworksBuildPhase;
			buildActionMask = 2147483647;
			files = (
				3752CAAA16A6D01100D44697 /* Cocoa.framework in Frameworks */,
				3752CAA816A6D00900D44697 /* CoreLocation.framework in Frameworks */,
			);
			runOnlyForDeploymentPostprocessing = 0;
		};
/* End PBXFrameworksBuildPhase section */

/* Begin PBXGroup section */
		2206CA14158C032D00A1E65A = {
			isa = PBXGroup;
			children = (
				22BDE88415AFF5FA007499C7 /* Source */,
				22BDE86415AFF5C2007499C7 /* Precompiled Headers */,
				22BDE8A115AFF704007499C7 /* Documentation */,
				2206CA21158C032D00A1E65A /* Frameworks */,
				2206CA20158C032D00A1E65A /* Products */,
			);
			sourceTree = "<group>";
		};
		2206CA20158C032D00A1E65A /* Products */ = {
			isa = PBXGroup;
			children = (
				2206CA1F158C032D00A1E65A /* libSquashCocoa.a */,
				2285AF8B159133500076AADC /* libSquashCocoa i386.a */,
				3752CA9A16A6CF8E00D44697 /* libSquashCocoa-OSX.a */,
			);
			name = Products;
			sourceTree = "<group>";
		};
		2206CA21158C032D00A1E65A /* Frameworks */ = {
			isa = PBXGroup;
			children = (
				3752CAA916A6D01100D44697 /* Cocoa.framework */,
				3752CAA716A6D00900D44697 /* CoreLocation.framework */,
				225D96BF15A2B41900133932 /* SystemConfiguration.framework */,
				2285AFA615914C4F0076AADC /* CoreLocation.framework */,
				2285AFA3159149020076AADC /* UIKit.framework */,
				2206CA22158C032D00A1E65A /* Foundation.framework */,
				3752CA8816A6CF2200D44697 /* Other Frameworks */,
			);
			name = Frameworks;
			sourceTree = "<group>";
		};
		22BDE86415AFF5C2007499C7 /* Precompiled Headers */ = {
			isa = PBXGroup;
			children = (
				22BDE86515AFF5C2007499C7 /* SquashCocoa i386-Prefix.pch */,
				22BDE86615AFF5C2007499C7 /* SquashCocoa-Prefix.pch */,
				3752CAA516A6CFB100D44697 /* SquashCocoa-OSX-Prefix.pch */,
			);
			path = "Precompiled Headers";
			sourceTree = "<group>";
		};
		22BDE88415AFF5FA007499C7 /* Source */ = {
			isa = PBXGroup;
			children = (
				22BDE88515AFF5FA007499C7 /* SCFunctions.h */,
				22BDE88615AFF5FA007499C7 /* SCFunctions.m */,
				22BDE88715AFF5FA007499C7 /* SCOccurrence.h */,
				22BDE88815AFF5FA007499C7 /* SCOccurrence.m */,
				22BDE88915AFF5FA007499C7 /* SquashCocoa.h */,
				22BDE88A15AFF5FA007499C7 /* SquashCocoa.m */,
				22BDE88B15AFF5FA007499C7 /* Utility */,
			);
			path = Source;
			sourceTree = "<group>";
		};
		22BDE88B15AFF5FA007499C7 /* Utility */ = {
			isa = PBXGroup;
			children = (
				22702A0C1695646D0010DD1D /* ISO8601DateFormatter.h */,
				22702A0D1695646D0010DD1D /* ISO8601DateFormatter.m */,
				22BDE88C15AFF5FA007499C7 /* Reachability.h */,
				22BDE88D15AFF5FA007499C7 /* Reachability.m */,
			);
			path = Utility;
			sourceTree = "<group>";
		};
		22BDE8A115AFF704007499C7 /* Documentation */ = {
			isa = PBXGroup;
			children = (
				22BDE8A215AFF71A007499C7 /* Doxyfile */,
				22BDE8A715B0060C007499C7 /* README.h */,
				22BDE8A315AFF71A007499C7 /* README.md */,
			);
			name = Documentation;
			sourceTree = "<group>";
		};
		3752CA8816A6CF2200D44697 /* Other Frameworks */ = {
			isa = PBXGroup;
			children = (
				3752CA8916A6CF2200D44697 /* AppKit.framework */,
				3752CA8A16A6CF2200D44697 /* CoreData.framework */,
				3752CA8B16A6CF2200D44697 /* Foundation.framework */,
			);
			name = "Other Frameworks";
			sourceTree = "<group>";
		};
/* End PBXGroup section */

/* Begin PBXHeadersBuildPhase section */
		2206CA1D158C032D00A1E65A /* Headers */ = {
			isa = PBXHeadersBuildPhase;
			buildActionMask = 2147483647;
			files = (
				22BDE89615AFF5FA007499C7 /* SquashCocoa.h in Headers */,
				22BDE88E15AFF5FA007499C7 /* SCFunctions.h in Headers */,
				22BDE89215AFF5FA007499C7 /* SCOccurrence.h in Headers */,
				22BDE87015AFF5C2007499C7 /* SquashCocoa i386-Prefix.pch in Headers */,
				22BDE87215AFF5C2007499C7 /* SquashCocoa-Prefix.pch in Headers */,
				22BDE89A15AFF5FA007499C7 /* Reachability.h in Headers */,
				22702A0E1695646D0010DD1D /* ISO8601DateFormatter.h in Headers */,
				3752CAA616A6CFB100D44697 /* SquashCocoa-OSX-Prefix.pch in Headers */,
			);
			runOnlyForDeploymentPostprocessing = 0;
		};
		2285AF89159133500076AADC /* Headers */ = {
			isa = PBXHeadersBuildPhase;
			buildActionMask = 2147483647;
			files = (
				22BDE89715AFF5FA007499C7 /* SquashCocoa.h in Headers */,
				22BDE88F15AFF5FA007499C7 /* SCFunctions.h in Headers */,
				22BDE89315AFF5FA007499C7 /* SCOccurrence.h in Headers */,
				22BDE87115AFF5C2007499C7 /* SquashCocoa i386-Prefix.pch in Headers */,
				22BDE87315AFF5C2007499C7 /* SquashCocoa-Prefix.pch in Headers */,
				22BDE89B15AFF5FA007499C7 /* Reachability.h in Headers */,
				22702A0F1695646D0010DD1D /* ISO8601DateFormatter.h in Headers */,
				3752CAB616A70B4200D44697 /* SquashCocoa-OSX-Prefix.pch in Headers */,
			);
			runOnlyForDeploymentPostprocessing = 0;
		};
		3752CA9816A6CF8E00D44697 /* Headers */ = {
			isa = PBXHeadersBuildPhase;
			buildActionMask = 2147483647;
			files = (
				3752CAB016A70B1000D44697 /* Reachability.h in Headers */,
				3752CAB116A70B1B00D44697 /* ISO8601DateFormatter.h in Headers */,
				3752CAB216A70B2100D44697 /* SquashCocoa.h in Headers */,
				3752CAB316A70B2500D44697 /* SCOccurrence.h in Headers */,
				3752CAB416A70B2800D44697 /* SCFunctions.h in Headers */,
				3752CAB516A70B4100D44697 /* SquashCocoa-OSX-Prefix.pch in Headers */,
				3752CAB716A70B4600D44697 /* SquashCocoa-Prefix.pch in Headers */,
				3752CAB816A70B4900D44697 /* SquashCocoa i386-Prefix.pch in Headers */,
			);
			runOnlyForDeploymentPostprocessing = 0;
		};
/* End PBXHeadersBuildPhase section */

/* Begin PBXNativeTarget section */
		2206CA1E158C032D00A1E65A /* SquashCocoa */ = {
			isa = PBXNativeTarget;
			buildConfigurationList = 2206CA2C158C032D00A1E65A /* Build configuration list for PBXNativeTarget "SquashCocoa" */;
			buildPhases = (
				2206CA1B158C032D00A1E65A /* Sources */,
				2206CA1C158C032D00A1E65A /* Frameworks */,
				2206CA1D158C032D00A1E65A /* Headers */,
			);
			buildRules = (
			);
			dependencies = (
			);
			name = SquashCocoa;
			productName = SquashClient;
			productReference = 2206CA1F158C032D00A1E65A /* libSquashCocoa.a */;
			productType = "com.apple.product-type.library.static";
		};
		2285AF8A159133500076AADC /* SquashCocoa i386 */ = {
			isa = PBXNativeTarget;
			buildConfigurationList = 2285AF93159133500076AADC /* Build configuration list for PBXNativeTarget "SquashCocoa i386" */;
			buildPhases = (
				2285AF87159133500076AADC /* Sources */,
				2285AF88159133500076AADC /* Frameworks */,
				2285AF89159133500076AADC /* Headers */,
			);
			buildRules = (
			);
			dependencies = (
			);
			name = "SquashCocoa i386";
			productName = "SquashClient i386";
			productReference = 2285AF8B159133500076AADC /* libSquashCocoa i386.a */;
			productType = "com.apple.product-type.library.static";
		};
		3752CA9916A6CF8E00D44697 /* SquashCocoa-OSX */ = {
			isa = PBXNativeTarget;
			buildConfigurationList = 3752CAA216A6CF8E00D44697 /* Build configuration list for PBXNativeTarget "SquashCocoa-OSX" */;
			buildPhases = (
				3752CA9616A6CF8E00D44697 /* Sources */,
				3752CA9716A6CF8E00D44697 /* Frameworks */,
				3752CA9816A6CF8E00D44697 /* Headers */,
			);
			buildRules = (
			);
			dependencies = (
			);
			name = "SquashCocoa-OSX";
			productName = "SquashCocoa-OSX";
			productReference = 3752CA9A16A6CF8E00D44697 /* libSquashCocoa-OSX.a */;
			productType = "com.apple.product-type.library.static";
		};
/* End PBXNativeTarget section */

/* Begin PBXProject section */
		2206CA16158C032D00A1E65A /* Project object */ = {
			isa = PBXProject;
			attributes = {
				LastUpgradeCheck = 0430;
				ORGANIZATIONNAME = "Square, Inc.";
			};
			buildConfigurationList = 2206CA19158C032D00A1E65A /* Build configuration list for PBXProject "SquashCocoa" */;
			compatibilityVersion = "Xcode 3.2";
			developmentRegion = English;
			hasScannedForEncodings = 0;
			knownRegions = (
				en,
				da,
				de,
				es,
				fi,
				fr,
				it,
				ja,
				ko,
				nl,
				no,
				pl,
				pt,
				ru,
				sv,
				zh_CN,
				zh_TW,
				English,
			);
			mainGroup = 2206CA14158C032D00A1E65A;
			productRefGroup = 2206CA20158C032D00A1E65A /* Products */;
			projectDirPath = "";
			projectRoot = "";
			targets = (
				2206CA1E158C032D00A1E65A /* SquashCocoa */,
				2285AF8A159133500076AADC /* SquashCocoa i386 */,
				3752CA9916A6CF8E00D44697 /* SquashCocoa-OSX */,
			);
		};
/* End PBXProject section */

/* Begin PBXSourcesBuildPhase section */
		2206CA1B158C032D00A1E65A /* Sources */ = {
			isa = PBXSourcesBuildPhase;
			buildActionMask = 2147483647;
			files = (
				22BDE89015AFF5FA007499C7 /* SCFunctions.m in Sources */,
				22BDE89415AFF5FA007499C7 /* SCOccurrence.m in Sources */,
				22BDE89815AFF5FA007499C7 /* SquashCocoa.m in Sources */,
				22BDE89C15AFF5FA007499C7 /* Reachability.m in Sources */,
				22702A101695646D0010DD1D /* ISO8601DateFormatter.m in Sources */,
			);
			runOnlyForDeploymentPostprocessing = 0;
		};
		2285AF87159133500076AADC /* Sources */ = {
			isa = PBXSourcesBuildPhase;
			buildActionMask = 2147483647;
			files = (
				22BDE89115AFF5FA007499C7 /* SCFunctions.m in Sources */,
				22BDE89515AFF5FA007499C7 /* SCOccurrence.m in Sources */,
				22BDE89915AFF5FA007499C7 /* SquashCocoa.m in Sources */,
				22BDE89D15AFF5FA007499C7 /* Reachability.m in Sources */,
				22702A111695646D0010DD1D /* ISO8601DateFormatter.m in Sources */,
			);
			runOnlyForDeploymentPostprocessing = 0;
		};
		3752CA9616A6CF8E00D44697 /* Sources */ = {
			isa = PBXSourcesBuildPhase;
			buildActionMask = 2147483647;
			files = (
				3752CAAB16A6D02000D44697 /* SCFunctions.m in Sources */,
				3752CAAC16A6D02000D44697 /* SCOccurrence.m in Sources */,
				3752CAAD16A6D02000D44697 /* SquashCocoa.m in Sources */,
				3752CAAE16A6D02000D44697 /* ISO8601DateFormatter.m in Sources */,
				3752CAAF16A6D02000D44697 /* Reachability.m in Sources */,
			);
			runOnlyForDeploymentPostprocessing = 0;
		};
/* End PBXSourcesBuildPhase section */

/* Begin XCBuildConfiguration section */
		2206CA2A158C032D00A1E65A /* Debug */ = {
			isa = XCBuildConfiguration;
			buildSettings = {
				ALWAYS_SEARCH_USER_PATHS = NO;
				ARCHS = "$(ARCHS_STANDARD_32_BIT)";
				COPY_PHASE_STRIP = NO;
				GCC_C_LANGUAGE_STANDARD = gnu99;
				GCC_DYNAMIC_NO_PIC = NO;
				GCC_OPTIMIZATION_LEVEL = 0;
				GCC_PREPROCESSOR_DEFINITIONS = (
					"DEBUG=1",
					"$(inherited)",
				);
				GCC_SYMBOLS_PRIVATE_EXTERN = NO;
				GCC_VERSION = com.apple.compilers.llvm.clang.1_0;
				GCC_WARN_ABOUT_RETURN_TYPE = YES;
				GCC_WARN_UNINITIALIZED_AUTOS = YES;
				GCC_WARN_UNUSED_VARIABLE = YES;
				IPHONEOS_DEPLOYMENT_TARGET = 6.0;
				SDKROOT = iphoneos;
				VALID_ARCHS = "armv7 armv7s";
			};
			name = Debug;
		};
		2206CA2B158C032D00A1E65A /* Release */ = {
			isa = XCBuildConfiguration;
			buildSettings = {
				ALWAYS_SEARCH_USER_PATHS = NO;
				ARCHS = "$(ARCHS_STANDARD_32_BIT)";
				COPY_PHASE_STRIP = YES;
				GCC_C_LANGUAGE_STANDARD = gnu99;
				GCC_VERSION = com.apple.compilers.llvm.clang.1_0;
				GCC_WARN_ABOUT_RETURN_TYPE = YES;
				GCC_WARN_UNINITIALIZED_AUTOS = YES;
				GCC_WARN_UNUSED_VARIABLE = YES;
				IPHONEOS_DEPLOYMENT_TARGET = 6.0;
				SDKROOT = iphoneos;
				VALIDATE_PRODUCT = YES;
				VALID_ARCHS = "armv7 armv7s";
			};
			name = Release;
		};
		2206CA2D158C032D00A1E65A /* Debug */ = {
			isa = XCBuildConfiguration;
			buildSettings = {
				DSTROOT = /tmp/SquashCocoa.dst;
				GCC_PRECOMPILE_PREFIX_HEADER = YES;
				GCC_PREFIX_HEADER = "Precompiled Headers/SquashCocoa-Prefix.pch";
				OTHER_LDFLAGS = "-ObjC";
				PRODUCT_NAME = "$(TARGET_NAME)";
				SKIP_INSTALL = YES;
			};
			name = Debug;
		};
		2206CA2E158C032D00A1E65A /* Release */ = {
			isa = XCBuildConfiguration;
			buildSettings = {
				DSTROOT = /tmp/SquashCocoa.dst;
				GCC_PRECOMPILE_PREFIX_HEADER = YES;
				GCC_PREFIX_HEADER = "Precompiled Headers/SquashCocoa-Prefix.pch";
				OTHER_LDFLAGS = "-ObjC";
				PRODUCT_NAME = "$(TARGET_NAME)";
				SKIP_INSTALL = YES;
			};
			name = Release;
		};
		2285AF94159133500076AADC /* Debug */ = {
			isa = XCBuildConfiguration;
			buildSettings = {
				ARCHS = i386;
				DSTROOT = /tmp/SquashCocoa_i386.dst;
				GCC_PRECOMPILE_PREFIX_HEADER = YES;
				GCC_PREFIX_HEADER = "Precompiled Headers/SquashCocoa i386-Prefix.pch";
				ONLY_ACTIVE_ARCH = YES;
				OTHER_LDFLAGS = "-ObjC";
				PRODUCT_NAME = "$(TARGET_NAME)";
				SKIP_INSTALL = YES;
				SUPPORTED_PLATFORMS = iphonesimulator;
				VALID_ARCHS = i386;
			};
			name = Debug;
		};
		2285AF95159133500076AADC /* Release */ = {
			isa = XCBuildConfiguration;
			buildSettings = {
				ARCHS = i386;
				DSTROOT = /tmp/SquashCocoa_i386.dst;
				GCC_PRECOMPILE_PREFIX_HEADER = YES;
				GCC_PREFIX_HEADER = "Precompiled Headers/SquashCocoa i386-Prefix.pch";
				ONLY_ACTIVE_ARCH = YES;
				OTHER_LDFLAGS = "-ObjC";
				PRODUCT_NAME = "$(TARGET_NAME)";
				SKIP_INSTALL = YES;
				SUPPORTED_PLATFORMS = iphonesimulator;
				VALID_ARCHS = i386;
			};
			name = Release;
		};
		3752CAA316A6CF8E00D44697 /* Debug */ = {
			isa = XCBuildConfiguration;
			buildSettings = {
				ARCHS = "$(ARCHS_STANDARD_64_BIT)";
				CLANG_CXX_LANGUAGE_STANDARD = "gnu++0x";
				CLANG_CXX_LIBRARY = "libc++";
				CLANG_ENABLE_OBJC_ARC = NO;
				CLANG_WARN_EMPTY_BODY = YES;
				CLANG_WARN__DUPLICATE_METHOD_MATCH = YES;
				FRAMEWORK_SEARCH_PATHS = (
					"$(inherited)",
					"\"$(SYSTEM_APPS_DIR)/Xcode.app/Contents/Developer/Library/Frameworks\"",
				);
				GCC_ENABLE_OBJC_EXCEPTIONS = YES;
				GCC_PRECOMPILE_PREFIX_HEADER = YES;
				GCC_PREFIX_HEADER = "Precompiled Headers/SquashCocoa-OSX-Prefix.pch";
				GCC_WARN_64_TO_32_BIT_CONVERSION = YES;
				MACOSX_DEPLOYMENT_TARGET = 10.8;
				ONLY_ACTIVE_ARCH = YES;
				PRODUCT_NAME = "$(TARGET_NAME)";
				SDKROOT = macosx;
				VALID_ARCHS = "i386 x86_64";
			};
			name = Debug;
		};
		3752CAA416A6CF8E00D44697 /* Release */ = {
			isa = XCBuildConfiguration;
			buildSettings = {
				ARCHS = "$(ARCHS_STANDARD_64_BIT)";
				CLANG_CXX_LANGUAGE_STANDARD = "gnu++0x";
				CLANG_CXX_LIBRARY = "libc++";
				CLANG_ENABLE_OBJC_ARC = NO;
				CLANG_WARN_EMPTY_BODY = YES;
				CLANG_WARN__DUPLICATE_METHOD_MATCH = YES;
				DEBUG_INFORMATION_FORMAT = "dwarf-with-dsym";
				FRAMEWORK_SEARCH_PATHS = (
					"$(inherited)",
					"\"$(SYSTEM_APPS_DIR)/Xcode.app/Contents/Developer/Library/Frameworks\"",
				);
				GCC_ENABLE_OBJC_EXCEPTIONS = YES;
				GCC_PRECOMPILE_PREFIX_HEADER = YES;
				GCC_PREFIX_HEADER = "Precompiled Headers/SquashCocoa-OSX-Prefix.pch";
				GCC_WARN_64_TO_32_BIT_CONVERSION = YES;
				MACOSX_DEPLOYMENT_TARGET = 10.8;
				PRODUCT_NAME = "$(TARGET_NAME)";
				SDKROOT = macosx;
				VALID_ARCHS = "i386 x86_64";
			};
			name = Release;
		};
/* End XCBuildConfiguration section */

/* Begin XCConfigurationList section */
		2206CA19158C032D00A1E65A /* Build configuration list for PBXProject "SquashCocoa" */ = {
			isa = XCConfigurationList;
			buildConfigurations = (
				2206CA2A158C032D00A1E65A /* Debug */,
				2206CA2B158C032D00A1E65A /* Release */,
			);
			defaultConfigurationIsVisible = 0;
			defaultConfigurationName = Release;
		};
		2206CA2C158C032D00A1E65A /* Build configuration list for PBXNativeTarget "SquashCocoa" */ = {
			isa = XCConfigurationList;
			buildConfigurations = (
				2206CA2D158C032D00A1E65A /* Debug */,
				2206CA2E158C032D00A1E65A /* Release */,
			);
			defaultConfigurationIsVisible = 0;
			defaultConfigurationName = Release;
		};
		2285AF93159133500076AADC /* Build configuration list for PBXNativeTarget "SquashCocoa i386" */ = {
			isa = XCConfigurationList;
			buildConfigurations = (
				2285AF94159133500076AADC /* Debug */,
				2285AF95159133500076AADC /* Release */,
			);
			defaultConfigurationIsVisible = 0;
			defaultConfigurationName = Release;
		};
		3752CAA216A6CF8E00D44697 /* Build configuration list for PBXNativeTarget "SquashCocoa-OSX" */ = {
			isa = XCConfigurationList;
			buildConfigurations = (
				3752CAA316A6CF8E00D44697 /* Debug */,
				3752CAA416A6CF8E00D44697 /* Release */,
			);
			defaultConfigurationIsVisible = 0;
		};
/* End XCConfigurationList section */
	};
	rootObject = 2206CA16158C032D00A1E65A /* Project object */;
}
